
Microsoft Visual Studio Solution File, Format Version 12.00
# Visual Studio Version 17
VisualStudioVersion = 17.0.32014.148
MinimumVisualStudioVersion = 10.0.40219.1
Project("{8BC9CEB8-8B4A-11D0-8D11-00A0C91BC942}") = "Battleship", "Battleship\Battleship.vcxproj", "{DE2E5394-3EE3-4310-B592-89FA2AA90AB8}"
EndProject
Global
	GlobalSection(SolutionConfigurationPlatforms) = preSolution
		Debug|x64 = Debug|x64
		Debug|x86 = Debug|x86
		Release|x64 = Release|x64
		Release|x86 = Release|x86
	EndGlobalSection
	GlobalSection(ProjectConfigurationPlatforms) = postSolution
		{DE2E5394-3EE3-4310-B592-89FA2AA90AB8}.Debug|x64.ActiveCfg = Debug|x64
		{DE2E5394-3EE3-4310-B592-89FA2AA90AB8}.Debug|x64.Build.0 = Debug|x64
		{DE2E5394-3EE3-4310-B592-89FA2AA90AB8}.Debug|x86.ActiveCfg = Debug|Win32
		{DE2E5394-3EE3-4310-B592-89FA2AA90AB8}.Debug|x86.Build.0 = Debug|Win32
		{DE2E5394-3EE3-4310-B592-89FA2AA90AB8}.Release|x64.ActiveCfg = Release|x64
		{DE2E5394-3EE3-4310-B592-89FA2AA90AB8}.Release|x64.Build.0 = Release|x64
		{DE2E5394-3EE3-4310-B592-89FA2AA90AB8}.Release|x86.ActiveCfg = Release|Win32
		{DE2E5394-3EE3-4310-B592-89FA2AA90AB8}.Release|x86.Build.0 = Release|Win32
	EndGlobalSection
	GlobalSection(SolutionProperties) = preSolution
		HideSolutionNode = FALSE
	EndGlobalSection
	GlobalSection(ExtensibilityGlobals) = postSolution
		SolutionGuid = {82F26336-1710-4BBB-AC7D-CC3155A6BD8B}
	EndGlobalSection
EndGlobal
